{
  "name": "spiceysmmo-backend",
  "version": "1.0.0",
  "lockfileVersion": 1,
  "requires": true,
  "dependencies": {
    "dotenv": {
      "version": "8.2.0",
      "resolved": "https://registry.npmjs.org/dotenv/-/dotenv-8.2.0.tgz",
      "integrity": "sha512-8sJ78ElpbDJBHNeBzUbUVLsqKdccaa/BXF1uPTw3GrvQTBgrQrtObr2mUrE38vzYd8cEv+m/JBfDLioYcfXoaw=="
    },
    "epxress": {
      "version": "0.0.1-security",
      "resolved": "https://registry.npmjs.org/epxress/-/epxress-0.0.1-security.tgz",
      "integrity": "sha512-3Uxqdqt9xUpPvEGJjhyNGbTtjeYRsSCy74gsYxMqeIUQnRk/6/YFgvjfQtdPeFgRXEnJ8zI6gaskfFLOOG/ELg=="
    }
  }
}
